
Microsoft Visual Studio Solution File, Format Version 12.00
# Visual Studio Version 16
VisualStudioVersion = 16.0.31321.278
MinimumVisualStudioVersion = 10.0.40219.1
Project("{FAE04EC0-301F-11D3-BF4B-00C04F79EFBC}") = "WebApplicationCore", "WebApplicationCore\WebApplicationCore.csproj", "{47E66BE2-2739-40E7-A96D-4CB3601C34B5}"
EndProject
Project("{00D1A9C2-B5F0-4AF3-8072-F6C62B433612}") = "BaseDatos", "BaseDatos\BaseDatos.sqlproj", "{568433FC-1A94-4D7E-9A5F-C4780B90AD68}"
EndProject
Project("{FAE04EC0-301F-11D3-BF4B-00C04F79EFBC}") = "BD", "BD\BD.csproj", "{8081F767-0E7A-4093-B335-97EFCC32D099}"
EndProject
Project("{FAE04EC0-301F-11D3-BF4B-00C04F79EFBC}") = "Entity", "Entity\Entity.csproj", "{89CFD819-A0CB-49AE-BB5B-7B5C29F34D18}"
EndProject
Project("{FAE04EC0-301F-11D3-BF4B-00C04F79EFBC}") = "WBL", "WBL\WBL.csproj", "{B45D5CFC-843E-43DB-B51D-7023A83EC9DC}"
EndProject
Global
	GlobalSection(SolutionConfigurationPlatforms) = preSolution
		Debug|Any CPU = Debug|Any CPU
		Release|Any CPU = Release|Any CPU
	EndGlobalSection
	GlobalSection(ProjectConfigurationPlatforms) = postSolution
		{47E66BE2-2739-40E7-A96D-4CB3601C34B5}.Debug|Any CPU.ActiveCfg = Debug|Any CPU
		{47E66BE2-2739-40E7-A96D-4CB3601C34B5}.Debug|Any CPU.Build.0 = Debug|Any CPU
		{47E66BE2-2739-40E7-A96D-4CB3601C34B5}.Release|Any CPU.ActiveCfg = Release|Any CPU
		{47E66BE2-2739-40E7-A96D-4CB3601C34B5}.Release|Any CPU.Build.0 = Release|Any CPU
		{568433FC-1A94-4D7E-9A5F-C4780B90AD68}.Debug|Any CPU.ActiveCfg = Debug|Any CPU
		{568433FC-1A94-4D7E-9A5F-C4780B90AD68}.Debug|Any CPU.Build.0 = Debug|Any CPU
		{568433FC-1A94-4D7E-9A5F-C4780B90AD68}.Debug|Any CPU.Deploy.0 = Debug|Any CPU
		{568433FC-1A94-4D7E-9A5F-C4780B90AD68}.Release|Any CPU.ActiveCfg = Release|Any CPU
		{568433FC-1A94-4D7E-9A5F-C4780B90AD68}.Release|Any CPU.Build.0 = Release|Any CPU
		{568433FC-1A94-4D7E-9A5F-C4780B90AD68}.Release|Any CPU.Deploy.0 = Release|Any CPU
		{8081F767-0E7A-4093-B335-97EFCC32D099}.Debug|Any CPU.ActiveCfg = Debug|Any CPU
		{8081F767-0E7A-4093-B335-97EFCC32D099}.Debug|Any CPU.Build.0 = Debug|Any CPU
		{8081F767-0E7A-4093-B335-97EFCC32D099}.Release|Any CPU.ActiveCfg = Release|Any CPU
		{8081F767-0E7A-4093-B335-97EFCC32D099}.Release|Any CPU.Build.0 = Release|Any CPU
		{89CFD819-A0CB-49AE-BB5B-7B5C29F34D18}.Debug|Any CPU.ActiveCfg = Debug|Any CPU
		{89CFD819-A0CB-49AE-BB5B-7B5C29F34D18}.Debug|Any CPU.Build.0 = Debug|Any CPU
		{89CFD819-A0CB-49AE-BB5B-7B5C29F34D18}.Release|Any CPU.ActiveCfg = Release|Any CPU
		{89CFD819-A0CB-49AE-BB5B-7B5C29F34D18}.Release|Any CPU.Build.0 = Release|Any CPU
		{B45D5CFC-843E-43DB-B51D-7023A83EC9DC}.Debug|Any CPU.ActiveCfg = Debug|Any CPU
		{B45D5CFC-843E-43DB-B51D-7023A83EC9DC}.Debug|Any CPU.Build.0 = Debug|Any CPU
		{B45D5CFC-843E-43DB-B51D-7023A83EC9DC}.Release|Any CPU.ActiveCfg = Release|Any CPU
		{B45D5CFC-843E-43DB-B51D-7023A83EC9DC}.Release|Any CPU.Build.0 = Release|Any CPU
	EndGlobalSection
	GlobalSection(SolutionProperties) = preSolution
		HideSolutionNode = FALSE
	EndGlobalSection
	GlobalSection(ExtensibilityGlobals) = postSolution
		SolutionGuid = {D34C3F31-A4F6-4563-BBD1-8C340890926E}
	EndGlobalSection
EndGlobal
